// !$*UTF8*$!
{
	archiveVersion = 1;
	classes = {
	};
	objectVersion = 46;
	objects = {

/* Begin PBXBuildFile section */
		DB626E3416D224070014B5B7 /* Foundation.framework in Frameworks */ = {isa = PBXBuildFile; fileRef = DB626E3316D224070014B5B7 /* Foundation.framework */; };
		DB626E8B16D22ABD0014B5B7 /* NSArray+PixLib.m in Sources */ = {isa = PBXBuildFile; fileRef = DB626E5E16D22ABD0014B5B7 /* NSArray+PixLib.m */; };
		DB626E8D16D22ABD0014B5B7 /* NSAttributedString+PixLib.m in Sources */ = {isa = PBXBuildFile; fileRef = DB626E6016D22ABD0014B5B7 /* NSAttributedString+PixLib.m */; };
		DB626E8F16D22ABD0014B5B7 /* NSData+PixLib.m in Sources */ = {isa = PBXBuildFile; fileRef = DB626E6216D22ABD0014B5B7 /* NSData+PixLib.m */; };
		DB626E9116D22ABD0014B5B7 /* NSDate+PixLib.m in Sources */ = {isa = PBXBuildFile; fileRef = DB626E6416D22ABD0014B5B7 /* NSDate+PixLib.m */; };
		DB626E9316D22ABD0014B5B7 /* NSDictionary+PixLib.m in Sources */ = {isa = PBXBuildFile; fileRef = DB626E6616D22ABD0014B5B7 /* NSDictionary+PixLib.m */; };
		DB626E9516D22ABD0014B5B7 /* NSFileManager+PixLib.m in Sources */ = {isa = PBXBuildFile; fileRef = DB626E6816D22ABD0014B5B7 /* NSFileManager+PixLib.m */; };
		DB626E9716D22ABD0014B5B7 /* NSMutableArray+PixLib.m in Sources */ = {isa = PBXBuildFile; fileRef = DB626E6A16D22ABD0014B5B7 /* NSMutableArray+PixLib.m */; };
		DB626E9916D22ABD0014B5B7 /* NSMutableAttributedString+PixLib.m in Sources */ = {isa = PBXBuildFile; fileRef = DB626E6C16D22ABD0014B5B7 /* NSMutableAttributedString+PixLib.m */; };
		DB626E9B16D22ABD0014B5B7 /* NSMutableDictionary+PixLib.m in Sources */ = {isa = PBXBuildFile; fileRef = DB626E6E16D22ABD0014B5B7 /* NSMutableDictionary+PixLib.m */; };
		DB626E9D16D22ABD0014B5B7 /* NSMutableSet+PixLib.m in Sources */ = {isa = PBXBuildFile; fileRef = DB626E7016D22ABD0014B5B7 /* NSMutableSet+PixLib.m */; };
		DB626E9F16D22ABD0014B5B7 /* NSMutableURLRequest+PixLib.m in Sources */ = {isa = PBXBuildFile; fileRef = DB626E7216D22ABD0014B5B7 /* NSMutableURLRequest+PixLib.m */; };
		DB626EA116D22ABD0014B5B7 /* NSNull+PixLib.m in Sources */ = {isa = PBXBuildFile; fileRef = DB626E7416D22ABD0014B5B7 /* NSNull+PixLib.m */; };
		DB626EA316D22ABD0014B5B7 /* NSNumber+PixLib.m in Sources */ = {isa = PBXBuildFile; fileRef = DB626E7616D22ABD0014B5B7 /* NSNumber+PixLib.m */; };
		DB626EA516D22ABD0014B5B7 /* NSObject+PixLib.m in Sources */ = {isa = PBXBuildFile; fileRef = DB626E7816D22ABD0014B5B7 /* NSObject+PixLib.m */; };
		DB626EA716D22ABD0014B5B7 /* NSSet+PixLib.m in Sources */ = {isa = PBXBuildFile; fileRef = DB626E7A16D22ABD0014B5B7 /* NSSet+PixLib.m */; };
		DB626EA916D22ABD0014B5B7 /* NSString+PixLib.m in Sources */ = {isa = PBXBuildFile; fileRef = DB626E7C16D22ABD0014B5B7 /* NSString+PixLib.m */; };
		DB626EAB16D22ABD0014B5B7 /* UIColor+PixLib.m in Sources */ = {isa = PBXBuildFile; fileRef = DB626E7E16D22ABD0014B5B7 /* UIColor+PixLib.m */; };
		DB626EAD16D22ABD0014B5B7 /* UIDevice+PixLib.m in Sources */ = {isa = PBXBuildFile; fileRef = DB626E8016D22ABD0014B5B7 /* UIDevice+PixLib.m */; };
		DB626EAF16D22ABD0014B5B7 /* UIImage+PixLib.m in Sources */ = {isa = PBXBuildFile; fileRef = DB626E8216D22ABD0014B5B7 /* UIImage+PixLib.m */; };
		DB626EB116D22ABD0014B5B7 /* UIImageView+PixLib.m in Sources */ = {isa = PBXBuildFile; fileRef = DB626E8416D22ABD0014B5B7 /* UIImageView+PixLib.m */; };
		DB626EB316D22ABD0014B5B7 /* UILabel+PixLib.m in Sources */ = {isa = PBXBuildFile; fileRef = DB626E8616D22ABD0014B5B7 /* UILabel+PixLib.m */; };
		DB626EB516D22ABD0014B5B7 /* UIScrollView+PixLib.m in Sources */ = {isa = PBXBuildFile; fileRef = DB626E8816D22ABD0014B5B7 /* UIScrollView+PixLib.m */; };
		DB626EB716D22ABD0014B5B7 /* UIView+PixLib.m in Sources */ = {isa = PBXBuildFile; fileRef = DB626E8A16D22ABD0014B5B7 /* UIView+PixLib.m */; };
		DB626EC716D22AE80014B5B7 /* PxPair.m in Sources */ = {isa = PBXBuildFile; fileRef = DB626EBA16D22AE70014B5B7 /* PxPair.m */; };
		DB626ECB16D22AE80014B5B7 /* PxRange.m in Sources */ = {isa = PBXBuildFile; fileRef = DB626EBE16D22AE70014B5B7 /* PxRange.m */; };
		DB626ECD16D22AE80014B5B7 /* PxRuntimeHelper.m in Sources */ = {isa = PBXBuildFile; fileRef = DB626EC016D22AE70014B5B7 /* PxRuntimeHelper.m */; };
		DB626ED316D22AE80014B5B7 /* PxWeakValue.m in Sources */ = {isa = PBXBuildFile; fileRef = DB626EC616D22AE80014B5B7 /* PxWeakValue.m */; };
		DB626ED816D22CC70014B5B7 /* PxLogger.m in Sources */ = {isa = PBXBuildFile; fileRef = DB626ED716D22CC70014B5B7 /* PxLogger.m */; };
		DB626EE916D2382A0014B5B7 /* hnjalloc.c in Sources */ = {isa = PBXBuildFile; fileRef = DB626EE516D2382A0014B5B7 /* hnjalloc.c */; };
		DB626EEB16D2382A0014B5B7 /* hyphen.c in Sources */ = {isa = PBXBuildFile; fileRef = DB626EE716D2382A0014B5B7 /* hyphen.c */; };
		DB626EF016D23B620014B5B7 /* PxLocalize.m in Sources */ = {isa = PBXBuildFile; fileRef = DB626EEF16D23B620014B5B7 /* PxLocalize.m */; };
		DB626EF716D23C730014B5B7 /* PxXMLHelper.m in Sources */ = {isa = PBXBuildFile; fileRef = DB626EF616D23C730014B5B7 /* PxXMLHelper.m */; };
		DB626F0016D23D1C0014B5B7 /* PxCXMLBuilder.m in Sources */ = {isa = PBXBuildFile; fileRef = DB626EFF16D23D1C0014B5B7 /* PxCXMLBuilder.m */; };
		DB626F0816D23D260014B5B7 /* PxMarkupBuildService.m in Sources */ = {isa = PBXBuildFile; fileRef = DB626F0516D23D260014B5B7 /* PxMarkupBuildService.m */; };
		DB626F1416D259340014B5B7 /* PxCXMLParser.m in Sources */ = {isa = PBXBuildFile; fileRef = DB626F0D16D259340014B5B7 /* PxCXMLParser.m */; };
		DB626F1616D259340014B5B7 /* PxHTMLParser.m in Sources */ = {isa = PBXBuildFile; fileRef = DB626F0F16D259340014B5B7 /* PxHTMLParser.m */; };
		DB626F1816D259340014B5B7 /* PxJSONParser.m in Sources */ = {isa = PBXBuildFile; fileRef = DB626F1116D259340014B5B7 /* PxJSONParser.m */; };
		DB626F1A16D259340014B5B7 /* PxXMLParser.m in Sources */ = {isa = PBXBuildFile; fileRef = DB626F1316D259340014B5B7 /* PxXMLParser.m */; };
		DB626F2016D259420014B5B7 /* PxAsyncParseService.m in Sources */ = {isa = PBXBuildFile; fileRef = DB626F1D16D259420014B5B7 /* PxAsyncParseService.m */; };
		DB626F2216D259420014B5B7 /* PxParseService.m in Sources */ = {isa = PBXBuildFile; fileRef = DB626F1F16D259420014B5B7 /* PxParseService.m */; };
		DB626F3116D25E870014B5B7 /* PxSuperViewController.m in Sources */ = {isa = PBXBuildFile; fileRef = DB626F2A16D25E870014B5B7 /* PxSuperViewController.m */; };
		DB626F3316D25E870014B5B7 /* PxTableViewController.m in Sources */ = {isa = PBXBuildFile; fileRef = DB626F2C16D25E870014B5B7 /* PxTableViewController.m */; };
		DB626F3516D25E870014B5B7 /* PxViewController.m in Sources */ = {isa = PBXBuildFile; fileRef = DB626F2E16D25E870014B5B7 /* PxViewController.m */; };
		DB626F3716D25E870014B5B7 /* PxWebController.m in Sources */ = {isa = PBXBuildFile; fileRef = DB626F3016D25E870014B5B7 /* PxWebController.m */; };
		DB626F3D16D25EA80014B5B7 /* PxActionButtonConfig.m in Sources */ = {isa = PBXBuildFile; fileRef = DB626F3A16D25EA80014B5B7 /* PxActionButtonConfig.m */; };
		DB626F3F16D25EA80014B5B7 /* PxInputAnimation.m in Sources */ = {isa = PBXBuildFile; fileRef = DB626F3C16D25EA80014B5B7 /* PxInputAnimation.m */; };
		DB626F4816D25F140014B5B7 /* PxTextField.m in Sources */ = {isa = PBXBuildFile; fileRef = DB626F4516D25F140014B5B7 /* PxTextField.m */; };
		DB626F4A16D25F140014B5B7 /* PxTextView.m in Sources */ = {isa = PBXBuildFile; fileRef = DB626F4716D25F140014B5B7 /* PxTextView.m */; };
		DB626F6116D25FA50014B5B7 /* PxActionSheet.m in Sources */ = {isa = PBXBuildFile; fileRef = DB626F4E16D25FA50014B5B7 /* PxActionSheet.m */; };
		DB626F6316D25FA50014B5B7 /* PxAlertView.m in Sources */ = {isa = PBXBuildFile; fileRef = DB626F5016D25FA50014B5B7 /* PxAlertView.m */; };
		DB626F6516D25FA50014B5B7 /* PxAttributedLabel.m in Sources */ = {isa = PBXBuildFile; fileRef = DB626F5216D25FA50014B5B7 /* PxAttributedLabel.m */; };
		DB626F6716D25FA50014B5B7 /* PxButton.m in Sources */ = {isa = PBXBuildFile; fileRef = DB626F5416D25FA50014B5B7 /* PxButton.m */; };
		DB626F6916D25FA50014B5B7 /* PxControl.m in Sources */ = {isa = PBXBuildFile; fileRef = DB626F5616D25FA50014B5B7 /* PxControl.m */; };
		DB626F6B16D25FA50014B5B7 /* PxLabel.m in Sources */ = {isa = PBXBuildFile; fileRef = DB626F5816D25FA50014B5B7 /* PxLabel.m */; };
		DB626F6F16D25FA50014B5B7 /* PxRemoteImageView.m in Sources */ = {isa = PBXBuildFile; fileRef = DB626F5C16D25FA50014B5B7 /* PxRemoteImageView.m */; };
		DB626F7116D25FA50014B5B7 /* PxRotatingScreen.m in Sources */ = {isa = PBXBuildFile; fileRef = DB626F5E16D25FA50014B5B7 /* PxRotatingScreen.m */; };
		DB626F7316D25FA50014B5B7 /* PxSwitch.m in Sources */ = {isa = PBXBuildFile; fileRef = DB626F6016D25FA50014B5B7 /* PxSwitch.m */; };
		DB626F7B16D25FD60014B5B7 /* PxPickerContainer.m in Sources */ = {isa = PBXBuildFile; fileRef = DB626F7616D25FD60014B5B7 /* PxPickerContainer.m */; };
		DB626F7D16D25FD60014B5B7 /* PxDatePicker.m in Sources */ = {isa = PBXBuildFile; fileRef = DB626F7816D25FD60014B5B7 /* PxDatePicker.m */; };
		DB626F7F16D25FD60014B5B7 /* PxPicker.m in Sources */ = {isa = PBXBuildFile; fileRef = DB626F7A16D25FD60014B5B7 /* PxPicker.m */; };
		DB626F8716D25FF00014B5B7 /* PxDataTableView.m in Sources */ = {isa = PBXBuildFile; fileRef = DB626F8216D25FF00014B5B7 /* PxDataTableView.m */; };
		DB626F8916D25FF00014B5B7 /* PxTableView.m in Sources */ = {isa = PBXBuildFile; fileRef = DB626F8416D25FF00014B5B7 /* PxTableView.m */; };
		DB626F8B16D25FF00014B5B7 /* PxTableViewCell.m in Sources */ = {isa = PBXBuildFile; fileRef = DB626F8616D25FF00014B5B7 /* PxTableViewCell.m */; };
		DB626F9316D260350014B5B7 /* PxCaller.m in Sources */ = {isa = PBXBuildFile; fileRef = DB626F9016D260350014B5B7 /* PxCaller.m */; };
		DB626F9516D260350014B5B7 /* PxResult.m in Sources */ = {isa = PBXBuildFile; fileRef = DB626F9216D260350014B5B7 /* PxResult.m */; };
		DB626F9F16D2605E0014B5B7 /* PxHTTPCache.m in Sources */ = {isa = PBXBuildFile; fileRef = DB626F9816D2605E0014B5B7 /* PxHTTPCache.m */; };
		DB626FA116D2605E0014B5B7 /* PxHTTPConnection.m in Sources */ = {isa = PBXBuildFile; fileRef = DB626F9A16D2605E0014B5B7 /* PxHTTPConnection.m */; };
		DB626FA316D2605E0014B5B7 /* PxHTTPImageCache.m in Sources */ = {isa = PBXBuildFile; fileRef = DB626F9C16D2605E0014B5B7 /* PxHTTPImageCache.m */; };
		DB626FA516D2605E0014B5B7 /* PxHTTPRemoteService.m in Sources */ = {isa = PBXBuildFile; fileRef = DB626F9E16D2605E0014B5B7 /* PxHTTPRemoteService.m */; };
		DB626FA916D260B20014B5B7 /* PxCellDeleteLayer.m in Sources */ = {isa = PBXBuildFile; fileRef = DB626FA816D260B10014B5B7 /* PxCellDeleteLayer.m */; };
		DB792B2F17B8F2E700E195C4 /* UIApplication+PixLib.m in Sources */ = {isa = PBXBuildFile; fileRef = DB792B2E17B8F2E700E195C4 /* UIApplication+PixLib.m */; };
		DBB10141178179D600DF196D /* NSCalendar+PixLib.m in Sources */ = {isa = PBXBuildFile; fileRef = DBB10140178179D600DF196D /* NSCalendar+PixLib.m */; };
		DBB101471781946200DF196D /* PxMutableIntegerDictionary.m in Sources */ = {isa = PBXBuildFile; fileRef = DBB101461781946200DF196D /* PxMutableIntegerDictionary.m */; };
		DBBC9A3316D663EE00C92649 /* PxDrawService.m in Sources */ = {isa = PBXBuildFile; fileRef = DBBC9A3216D663EE00C92649 /* PxDrawService.m */; };
		DBF81D8C16D4C479003D0453 /* PxImageKitHelper.m in Sources */ = {isa = PBXBuildFile; fileRef = DB626EE216D235230014B5B7 /* PxImageKitHelper.m */; };
/* End PBXBuildFile section */

/* Begin PBXCopyFilesBuildPhase section */
		DB626E2E16D224070014B5B7 /* CopyFiles */ = {
			isa = PBXCopyFilesBuildPhase;
			buildActionMask = 2147483647;
			dstPath = "include/${PRODUCT_NAME}";
			dstSubfolderSpec = 16;
			files = (
			);
			runOnlyForDeploymentPostprocessing = 0;
		};
/* End PBXCopyFilesBuildPhase section */

/* Begin PBXFileReference section */
		DB626E3016D224070014B5B7 /* libPixLib-OpenSource.a */ = {isa = PBXFileReference; explicitFileType = archive.ar; includeInIndex = 0; path = "libPixLib-OpenSource.a"; sourceTree = BUILT_PRODUCTS_DIR; };
		DB626E3316D224070014B5B7 /* Foundation.framework */ = {isa = PBXFileReference; lastKnownFileType = wrapper.framework; name = Foundation.framework; path = System/Library/Frameworks/Foundation.framework; sourceTree = SDKROOT; };
		DB626E3716D224070014B5B7 /* PixLib-OpenSource-Prefix.pch */ = {isa = PBXFileReference; lastKnownFileType = sourcecode.c.h; path = "PixLib-OpenSource-Prefix.pch"; sourceTree = "<group>"; };
		DB626E5D16D22ABD0014B5B7 /* NSArray+PixLib.h */ = {isa = PBXFileReference; fileEncoding = 4; lastKnownFileType = sourcecode.c.h; path = "NSArray+PixLib.h"; sourceTree = "<group>"; };
		DB626E5E16D22ABD0014B5B7 /* NSArray+PixLib.m */ = {isa = PBXFileReference; fileEncoding = 4; lastKnownFileType = sourcecode.c.objc; path = "NSArray+PixLib.m"; sourceTree = "<group>"; };
		DB626E5F16D22ABD0014B5B7 /* NSAttributedString+PixLib.h */ = {isa = PBXFileReference; fileEncoding = 4; lastKnownFileType = sourcecode.c.h; path = "NSAttributedString+PixLib.h"; sourceTree = "<group>"; };
		DB626E6016D22ABD0014B5B7 /* NSAttributedString+PixLib.m */ = {isa = PBXFileReference; fileEncoding = 4; lastKnownFileType = sourcecode.c.objc; path = "NSAttributedString+PixLib.m"; sourceTree = "<group>"; };
		DB626E6116D22ABD0014B5B7 /* NSData+PixLib.h */ = {isa = PBXFileReference; fileEncoding = 4; lastKnownFileType = sourcecode.c.h; path = "NSData+PixLib.h"; sourceTree = "<group>"; };
		DB626E6216D22ABD0014B5B7 /* NSData+PixLib.m */ = {isa = PBXFileReference; fileEncoding = 4; lastKnownFileType = sourcecode.c.objc; path = "NSData+PixLib.m"; sourceTree = "<group>"; };
		DB626E6316D22ABD0014B5B7 /* NSDate+PixLib.h */ = {isa = PBXFileReference; fileEncoding = 4; lastKnownFileType = sourcecode.c.h; path = "NSDate+PixLib.h"; sourceTree = "<group>"; };
		DB626E6416D22ABD0014B5B7 /* NSDate+PixLib.m */ = {isa = PBXFileReference; fileEncoding = 4; lastKnownFileType = sourcecode.c.objc; path = "NSDate+PixLib.m"; sourceTree = "<group>"; };
		DB626E6516D22ABD0014B5B7 /* NSDictionary+PixLib.h */ = {isa = PBXFileReference; fileEncoding = 4; lastKnownFileType = sourcecode.c.h; path = "NSDictionary+PixLib.h"; sourceTree = "<group>"; };
		DB626E6616D22ABD0014B5B7 /* NSDictionary+PixLib.m */ = {isa = PBXFileReference; fileEncoding = 4; lastKnownFileType = sourcecode.c.objc; path = "NSDictionary+PixLib.m"; sourceTree = "<group>"; };
		DB626E6716D22ABD0014B5B7 /* NSFileManager+PixLib.h */ = {isa = PBXFileReference; fileEncoding = 4; lastKnownFileType = sourcecode.c.h; path = "NSFileManager+PixLib.h"; sourceTree = "<group>"; };
		DB626E6816D22ABD0014B5B7 /* NSFileManager+PixLib.m */ = {isa = PBXFileReference; fileEncoding = 4; lastKnownFileType = sourcecode.c.objc; path = "NSFileManager+PixLib.m"; sourceTree = "<group>"; };
		DB626E6916D22ABD0014B5B7 /* NSMutableArray+PixLib.h */ = {isa = PBXFileReference; fileEncoding = 4; lastKnownFileType = sourcecode.c.h; path = "NSMutableArray+PixLib.h"; sourceTree = "<group>"; };
		DB626E6A16D22ABD0014B5B7 /* NSMutableArray+PixLib.m */ = {isa = PBXFileReference; fileEncoding = 4; lastKnownFileType = sourcecode.c.objc; path = "NSMutableArray+PixLib.m"; sourceTree = "<group>"; };
		DB626E6B16D22ABD0014B5B7 /* NSMutableAttributedString+PixLib.h */ = {isa = PBXFileReference; fileEncoding = 4; lastKnownFileType = sourcecode.c.h; path = "NSMutableAttributedString+PixLib.h"; sourceTree = "<group>"; };
		DB626E6C16D22ABD0014B5B7 /* NSMutableAttributedString+PixLib.m */ = {isa = PBXFileReference; fileEncoding = 4; lastKnownFileType = sourcecode.c.objc; path = "NSMutableAttributedString+PixLib.m"; sourceTree = "<group>"; };
		DB626E6D16D22ABD0014B5B7 /* NSMutableDictionary+PixLib.h */ = {isa = PBXFileReference; fileEncoding = 4; lastKnownFileType = sourcecode.c.h; path = "NSMutableDictionary+PixLib.h"; sourceTree = "<group>"; };
		DB626E6E16D22ABD0014B5B7 /* NSMutableDictionary+PixLib.m */ = {isa = PBXFileReference; fileEncoding = 4; lastKnownFileType = sourcecode.c.objc; path = "NSMutableDictionary+PixLib.m"; sourceTree = "<group>"; };
		DB626E6F16D22ABD0014B5B7 /* NSMutableSet+PixLib.h */ = {isa = PBXFileReference; fileEncoding = 4; lastKnownFileType = sourcecode.c.h; path = "NSMutableSet+PixLib.h"; sourceTree = "<group>"; };
		DB626E7016D22ABD0014B5B7 /* NSMutableSet+PixLib.m */ = {isa = PBXFileReference; fileEncoding = 4; lastKnownFileType = sourcecode.c.objc; path = "NSMutableSet+PixLib.m"; sourceTree = "<group>"; };
		DB626E7116D22ABD0014B5B7 /* NSMutableURLRequest+PixLib.h */ = {isa = PBXFileReference; fileEncoding = 4; lastKnownFileType = sourcecode.c.h; path = "NSMutableURLRequest+PixLib.h"; sourceTree = "<group>"; };
		DB626E7216D22ABD0014B5B7 /* NSMutableURLRequest+PixLib.m */ = {isa = PBXFileReference; fileEncoding = 4; lastKnownFileType = sourcecode.c.objc; path = "NSMutableURLRequest+PixLib.m"; sourceTree = "<group>"; };
		DB626E7316D22ABD0014B5B7 /* NSNull+PixLib.h */ = {isa = PBXFileReference; fileEncoding = 4; lastKnownFileType = sourcecode.c.h; path = "NSNull+PixLib.h"; sourceTree = "<group>"; };
		DB626E7416D22ABD0014B5B7 /* NSNull+PixLib.m */ = {isa = PBXFileReference; fileEncoding = 4; lastKnownFileType = sourcecode.c.objc; path = "NSNull+PixLib.m"; sourceTree = "<group>"; };
		DB626E7516D22ABD0014B5B7 /* NSNumber+PixLib.h */ = {isa = PBXFileReference; fileEncoding = 4; lastKnownFileType = sourcecode.c.h; path = "NSNumber+PixLib.h"; sourceTree = "<group>"; };
		DB626E7616D22ABD0014B5B7 /* NSNumber+PixLib.m */ = {isa = PBXFileReference; fileEncoding = 4; lastKnownFileType = sourcecode.c.objc; path = "NSNumber+PixLib.m"; sourceTree = "<group>"; };
		DB626E7716D22ABD0014B5B7 /* NSObject+PixLib.h */ = {isa = PBXFileReference; fileEncoding = 4; lastKnownFileType = sourcecode.c.h; path = "NSObject+PixLib.h"; sourceTree = "<group>"; };
		DB626E7816D22ABD0014B5B7 /* NSObject+PixLib.m */ = {isa = PBXFileReference; fileEncoding = 4; lastKnownFileType = sourcecode.c.objc; path = "NSObject+PixLib.m"; sourceTree = "<group>"; };
		DB626E7916D22ABD0014B5B7 /* NSSet+PixLib.h */ = {isa = PBXFileReference; fileEncoding = 4; lastKnownFileType = sourcecode.c.h; path = "NSSet+PixLib.h"; sourceTree = "<group>"; };
		DB626E7A16D22ABD0014B5B7 /* NSSet+PixLib.m */ = {isa = PBXFileReference; fileEncoding = 4; lastKnownFileType = sourcecode.c.objc; path = "NSSet+PixLib.m"; sourceTree = "<group>"; };
		DB626E7B16D22ABD0014B5B7 /* NSString+PixLib.h */ = {isa = PBXFileReference; fileEncoding = 4; lastKnownFileType = sourcecode.c.h; path = "NSString+PixLib.h"; sourceTree = "<group>"; };
		DB626E7C16D22ABD0014B5B7 /* NSString+PixLib.m */ = {isa = PBXFileReference; fileEncoding = 4; lastKnownFileType = sourcecode.c.objc; path = "NSString+PixLib.m"; sourceTree = "<group>"; };
		DB626E7D16D22ABD0014B5B7 /* UIColor+PixLib.h */ = {isa = PBXFileReference; fileEncoding = 4; lastKnownFileType = sourcecode.c.h; path = "UIColor+PixLib.h"; sourceTree = "<group>"; };
		DB626E7E16D22ABD0014B5B7 /* UIColor+PixLib.m */ = {isa = PBXFileReference; fileEncoding = 4; lastKnownFileType = sourcecode.c.objc; path = "UIColor+PixLib.m"; sourceTree = "<group>"; };
		DB626E7F16D22ABD0014B5B7 /* UIDevice+PixLib.h */ = {isa = PBXFileReference; fileEncoding = 4; lastKnownFileType = sourcecode.c.h; path = "UIDevice+PixLib.h"; sourceTree = "<group>"; };
		DB626E8016D22ABD0014B5B7 /* UIDevice+PixLib.m */ = {isa = PBXFileReference; fileEncoding = 4; lastKnownFileType = sourcecode.c.objc; path = "UIDevice+PixLib.m"; sourceTree = "<group>"; };
		DB626E8116D22ABD0014B5B7 /* UIImage+PixLib.h */ = {isa = PBXFileReference; fileEncoding = 4; lastKnownFileType = sourcecode.c.h; path = "UIImage+PixLib.h"; sourceTree = "<group>"; };
		DB626E8216D22ABD0014B5B7 /* UIImage+PixLib.m */ = {isa = PBXFileReference; fileEncoding = 4; lastKnownFileType = sourcecode.c.objc; path = "UIImage+PixLib.m"; sourceTree = "<group>"; };
		DB626E8316D22ABD0014B5B7 /* UIImageView+PixLib.h */ = {isa = PBXFileReference; fileEncoding = 4; lastKnownFileType = sourcecode.c.h; path = "UIImageView+PixLib.h"; sourceTree = "<group>"; };
		DB626E8416D22ABD0014B5B7 /* UIImageView+PixLib.m */ = {isa = PBXFileReference; fileEncoding = 4; lastKnownFileType = sourcecode.c.objc; path = "UIImageView+PixLib.m"; sourceTree = "<group>"; };
		DB626E8516D22ABD0014B5B7 /* UILabel+PixLib.h */ = {isa = PBXFileReference; fileEncoding = 4; lastKnownFileType = sourcecode.c.h; path = "UILabel+PixLib.h"; sourceTree = "<group>"; };
		DB626E8616D22ABD0014B5B7 /* UILabel+PixLib.m */ = {isa = PBXFileReference; fileEncoding = 4; lastKnownFileType = sourcecode.c.objc; path = "UILabel+PixLib.m"; sourceTree = "<group>"; };
		DB626E8716D22ABD0014B5B7 /* UIScrollView+PixLib.h */ = {isa = PBXFileReference; fileEncoding = 4; lastKnownFileType = sourcecode.c.h; path = "UIScrollView+PixLib.h"; sourceTree = "<group>"; };
		DB626E8816D22ABD0014B5B7 /* UIScrollView+PixLib.m */ = {isa = PBXFileReference; fileEncoding = 4; lastKnownFileType = sourcecode.c.objc; path = "UIScrollView+PixLib.m"; sourceTree = "<group>"; };
		DB626E8916D22ABD0014B5B7 /* UIView+PixLib.h */ = {isa = PBXFileReference; fileEncoding = 4; lastKnownFileType = sourcecode.c.h; path = "UIView+PixLib.h"; sourceTree = "<group>"; };
		DB626E8A16D22ABD0014B5B7 /* UIView+PixLib.m */ = {isa = PBXFileReference; fileEncoding = 4; lastKnownFileType = sourcecode.c.objc; path = "UIView+PixLib.m"; sourceTree = "<group>"; };
		DB626EB916D22AE70014B5B7 /* PxPair.h */ = {isa = PBXFileReference; fileEncoding = 4; lastKnownFileType = sourcecode.c.h; path = PxPair.h; sourceTree = "<group>"; };
		DB626EBA16D22AE70014B5B7 /* PxPair.m */ = {isa = PBXFileReference; fileEncoding = 4; lastKnownFileType = sourcecode.c.objc; path = PxPair.m; sourceTree = "<group>"; };
		DB626EBD16D22AE70014B5B7 /* PxRange.h */ = {isa = PBXFileReference; fileEncoding = 4; lastKnownFileType = sourcecode.c.h; path = PxRange.h; sourceTree = "<group>"; };
		DB626EBE16D22AE70014B5B7 /* PxRange.m */ = {isa = PBXFileReference; fileEncoding = 4; lastKnownFileType = sourcecode.c.objc; path = PxRange.m; sourceTree = "<group>"; };
		DB626EBF16D22AE70014B5B7 /* PxRuntimeHelper.h */ = {isa = PBXFileReference; fileEncoding = 4; lastKnownFileType = sourcecode.c.h; path = PxRuntimeHelper.h; sourceTree = "<group>"; };
		DB626EC016D22AE70014B5B7 /* PxRuntimeHelper.m */ = {isa = PBXFileReference; fileEncoding = 4; lastKnownFileType = sourcecode.c.objc; path = PxRuntimeHelper.m; sourceTree = "<group>"; };
		DB626EC116D22AE70014B5B7 /* PxSupport.h */ = {isa = PBXFileReference; fileEncoding = 4; lastKnownFileType = sourcecode.c.h; path = PxSupport.h; sourceTree = "<group>"; };
		DB626EC516D22AE80014B5B7 /* PxWeakValue.h */ = {isa = PBXFileReference; fileEncoding = 4; lastKnownFileType = sourcecode.c.h; path = PxWeakValue.h; sourceTree = "<group>"; };
		DB626EC616D22AE80014B5B7 /* PxWeakValue.m */ = {isa = PBXFileReference; fileEncoding = 4; lastKnownFileType = sourcecode.c.objc; path = PxWeakValue.m; sourceTree = "<group>"; };
		DB626ED516D22B010014B5B7 /* PxCore.h */ = {isa = PBXFileReference; fileEncoding = 4; lastKnownFileType = sourcecode.c.h; path = PxCore.h; sourceTree = "<group>"; };
		DB626ED616D22CC70014B5B7 /* PxLogger.h */ = {isa = PBXFileReference; fileEncoding = 4; lastKnownFileType = sourcecode.c.h; path = PxLogger.h; sourceTree = "<group>"; };
		DB626ED716D22CC70014B5B7 /* PxLogger.m */ = {isa = PBXFileReference; fileEncoding = 4; lastKnownFileType = sourcecode.c.objc; path = PxLogger.m; sourceTree = "<group>"; };
		DB626EDE16D234540014B5B7 /* PxUIkitSupport.h */ = {isa = PBXFileReference; fileEncoding = 4; lastKnownFileType = sourcecode.c.h; path = PxUIkitSupport.h; sourceTree = "<group>"; };
		DB626EE016D2351B0014B5B7 /* PxImageKit.h */ = {isa = PBXFileReference; fileEncoding = 4; lastKnownFileType = sourcecode.c.h; path = PxImageKit.h; sourceTree = "<group>"; };
		DB626EE116D235230014B5B7 /* PxImageKitHelper.h */ = {isa = PBXFileReference; fileEncoding = 4; lastKnownFileType = sourcecode.c.h; path = PxImageKitHelper.h; sourceTree = "<group>"; };
		DB626EE216D235230014B5B7 /* PxImageKitHelper.m */ = {isa = PBXFileReference; fileEncoding = 4; lastKnownFileType = sourcecode.c.objc; path = PxImageKitHelper.m; sourceTree = "<group>"; };
		DB626EE516D2382A0014B5B7 /* hnjalloc.c */ = {isa = PBXFileReference; fileEncoding = 4; lastKnownFileType = sourcecode.c.c; path = hnjalloc.c; sourceTree = "<group>"; };
		DB626EE616D2382A0014B5B7 /* hnjalloc.h */ = {isa = PBXFileReference; fileEncoding = 4; lastKnownFileType = sourcecode.c.h; path = hnjalloc.h; sourceTree = "<group>"; };
		DB626EE716D2382A0014B5B7 /* hyphen.c */ = {isa = PBXFileReference; fileEncoding = 4; lastKnownFileType = sourcecode.c.c; path = hyphen.c; sourceTree = "<group>"; };
		DB626EE816D2382A0014B5B7 /* hyphen.h */ = {isa = PBXFileReference; fileEncoding = 4; lastKnownFileType = sourcecode.c.h; path = hyphen.h; sourceTree = "<group>"; };
		DB626EEE16D23B620014B5B7 /* PxLocalize.h */ = {isa = PBXFileReference; fileEncoding = 4; lastKnownFileType = sourcecode.c.h; path = PxLocalize.h; sourceTree = "<group>"; };
		DB626EEF16D23B620014B5B7 /* PxLocalize.m */ = {isa = PBXFileReference; fileEncoding = 4; lastKnownFileType = sourcecode.c.objc; path = PxLocalize.m; sourceTree = "<group>"; };
		DB626EF316D23C3E0014B5B7 /* PxLocalizationKit.h */ = {isa = PBXFileReference; lastKnownFileType = sourcecode.c.h; path = PxLocalizationKit.h; sourceTree = "<group>"; };
		DB626EF416D23C730014B5B7 /* PxMarkupKit.h */ = {isa = PBXFileReference; fileEncoding = 4; lastKnownFileType = sourcecode.c.h; path = PxMarkupKit.h; sourceTree = "<group>"; };
		DB626EF516D23C730014B5B7 /* PxXMLHelper.h */ = {isa = PBXFileReference; fileEncoding = 4; lastKnownFileType = sourcecode.c.h; path = PxXMLHelper.h; sourceTree = "<group>"; };
		DB626EF616D23C730014B5B7 /* PxXMLHelper.m */ = {isa = PBXFileReference; fileEncoding = 4; lastKnownFileType = sourcecode.c.objc; path = PxXMLHelper.m; sourceTree = "<group>"; };
		DB626EFB16D23CFE0014B5B7 /* PxBuilder.h */ = {isa = PBXFileReference; fileEncoding = 4; lastKnownFileType = sourcecode.c.h; path = PxBuilder.h; sourceTree = "<group>"; };
		DB626EFE16D23D1C0014B5B7 /* PxCXMLBuilder.h */ = {isa = PBXFileReference; fileEncoding = 4; lastKnownFileType = sourcecode.c.h; path = PxCXMLBuilder.h; sourceTree = "<group>"; };
		DB626EFF16D23D1C0014B5B7 /* PxCXMLBuilder.m */ = {isa = PBXFileReference; fileEncoding = 4; lastKnownFileType = sourcecode.c.objc; path = PxCXMLBuilder.m; sourceTree = "<group>"; };
		DB626F0416D23D260014B5B7 /* PxMarkupBuildService.h */ = {isa = PBXFileReference; fileEncoding = 4; lastKnownFileType = sourcecode.c.h; path = PxMarkupBuildService.h; sourceTree = "<group>"; };
		DB626F0516D23D260014B5B7 /* PxMarkupBuildService.m */ = {isa = PBXFileReference; fileEncoding = 4; lastKnownFileType = sourcecode.c.objc; path = PxMarkupBuildService.m; sourceTree = "<group>"; };
		DB626F0C16D259340014B5B7 /* PxCXMLParser.h */ = {isa = PBXFileReference; fileEncoding = 4; lastKnownFileType = sourcecode.c.h; path = PxCXMLParser.h; sourceTree = "<group>"; };
		DB626F0D16D259340014B5B7 /* PxCXMLParser.m */ = {isa = PBXFileReference; fileEncoding = 4; lastKnownFileType = sourcecode.c.objc; path = PxCXMLParser.m; sourceTree = "<group>"; };
		DB626F0E16D259340014B5B7 /* PxHTMLParser.h */ = {isa = PBXFileReference; fileEncoding = 4; lastKnownFileType = sourcecode.c.h; path = PxHTMLParser.h; sourceTree = "<group>"; };
		DB626F0F16D259340014B5B7 /* PxHTMLParser.m */ = {isa = PBXFileReference; fileEncoding = 4; lastKnownFileType = sourcecode.c.objc; path = PxHTMLParser.m; sourceTree = "<group>"; };
		DB626F1016D259340014B5B7 /* PxJSONParser.h */ = {isa = PBXFileReference; fileEncoding = 4; lastKnownFileType = sourcecode.c.h; path = PxJSONParser.h; sourceTree = "<group>"; };
		DB626F1116D259340014B5B7 /* PxJSONParser.m */ = {isa = PBXFileReference; fileEncoding = 4; lastKnownFileType = sourcecode.c.objc; path = PxJSONParser.m; sourceTree = "<group>"; };
		DB626F1216D259340014B5B7 /* PxXMLParser.h */ = {isa = PBXFileReference; fileEncoding = 4; lastKnownFileType = sourcecode.c.h; path = PxXMLParser.h; sourceTree = "<group>"; };
		DB626F1316D259340014B5B7 /* PxXMLParser.m */ = {isa = PBXFileReference; fileEncoding = 4; lastKnownFileType = sourcecode.c.objc; path = PxXMLParser.m; sourceTree = "<group>"; };
		DB626F1C16D259420014B5B7 /* PxAsyncParseService.h */ = {isa = PBXFileReference; fileEncoding = 4; lastKnownFileType = sourcecode.c.h; path = PxAsyncParseService.h; sourceTree = "<group>"; };
		DB626F1D16D259420014B5B7 /* PxAsyncParseService.m */ = {isa = PBXFileReference; fileEncoding = 4; lastKnownFileType = sourcecode.c.objc; path = PxAsyncParseService.m; sourceTree = "<group>"; };
		DB626F1E16D259420014B5B7 /* PxParseService.h */ = {isa = PBXFileReference; fileEncoding = 4; lastKnownFileType = sourcecode.c.h; path = PxParseService.h; sourceTree = "<group>"; };
		DB626F1F16D259420014B5B7 /* PxParseService.m */ = {isa = PBXFileReference; fileEncoding = 4; lastKnownFileType = sourcecode.c.objc; path = PxParseService.m; sourceTree = "<group>"; };
		DB626F2416D2594D0014B5B7 /* PxParser.h */ = {isa = PBXFileReference; fileEncoding = 4; lastKnownFileType = sourcecode.c.h; path = PxParser.h; sourceTree = "<group>"; };
		DB626F2516D25E430014B5B7 /* PxUIkit.h */ = {isa = PBXFileReference; fileEncoding = 4; lastKnownFileType = sourcecode.c.h; path = PxUIkit.h; sourceTree = "<group>"; };
		DB626F2916D25E870014B5B7 /* PxSuperViewController.h */ = {isa = PBXFileReference; fileEncoding = 4; lastKnownFileType = sourcecode.c.h; path = PxSuperViewController.h; sourceTree = "<group>"; };
		DB626F2A16D25E870014B5B7 /* PxSuperViewController.m */ = {isa = PBXFileReference; fileEncoding = 4; lastKnownFileType = sourcecode.c.objc; path = PxSuperViewController.m; sourceTree = "<group>"; };
		DB626F2B16D25E870014B5B7 /* PxTableViewController.h */ = {isa = PBXFileReference; fileEncoding = 4; lastKnownFileType = sourcecode.c.h; path = PxTableViewController.h; sourceTree = "<group>"; };
		DB626F2C16D25E870014B5B7 /* PxTableViewController.m */ = {isa = PBXFileReference; fileEncoding = 4; lastKnownFileType = sourcecode.c.objc; path = PxTableViewController.m; sourceTree = "<group>"; };
		DB626F2D16D25E870014B5B7 /* PxViewController.h */ = {isa = PBXFileReference; fileEncoding = 4; lastKnownFileType = sourcecode.c.h; path = PxViewController.h; sourceTree = "<group>"; };
		DB626F2E16D25E870014B5B7 /* PxViewController.m */ = {isa = PBXFileReference; fileEncoding = 4; lastKnownFileType = sourcecode.c.objc; path = PxViewController.m; sourceTree = "<group>"; };
		DB626F2F16D25E870014B5B7 /* PxWebController.h */ = {isa = PBXFileReference; fileEncoding = 4; lastKnownFileType = sourcecode.c.h; path = PxWebController.h; sourceTree = "<group>"; };
		DB626F3016D25E870014B5B7 /* PxWebController.m */ = {isa = PBXFileReference; fileEncoding = 4; lastKnownFileType = sourcecode.c.objc; path = PxWebController.m; sourceTree = "<group>"; };
		DB626F3916D25EA80014B5B7 /* PxActionButtonConfig.h */ = {isa = PBXFileReference; fileEncoding = 4; lastKnownFileType = sourcecode.c.h; path = PxActionButtonConfig.h; sourceTree = "<group>"; };
		DB626F3A16D25EA80014B5B7 /* PxActionButtonConfig.m */ = {isa = PBXFileReference; fileEncoding = 4; lastKnownFileType = sourcecode.c.objc; path = PxActionButtonConfig.m; sourceTree = "<group>"; };
		DB626F3B16D25EA80014B5B7 /* PxInputAnimation.h */ = {isa = PBXFileReference; fileEncoding = 4; lastKnownFileType = sourcecode.c.h; path = PxInputAnimation.h; sourceTree = "<group>"; };
		DB626F3C16D25EA80014B5B7 /* PxInputAnimation.m */ = {isa = PBXFileReference; fileEncoding = 4; lastKnownFileType = sourcecode.c.objc; path = PxInputAnimation.m; sourceTree = "<group>"; };
		DB626F4416D25F140014B5B7 /* PxTextField.h */ = {isa = PBXFileReference; fileEncoding = 4; lastKnownFileType = sourcecode.c.h; path = PxTextField.h; sourceTree = "<group>"; };
		DB626F4516D25F140014B5B7 /* PxTextField.m */ = {isa = PBXFileReference; fileEncoding = 4; lastKnownFileType = sourcecode.c.objc; path = PxTextField.m; sourceTree = "<group>"; };
		DB626F4616D25F140014B5B7 /* PxTextView.h */ = {isa = PBXFileReference; fileEncoding = 4; lastKnownFileType = sourcecode.c.h; path = PxTextView.h; sourceTree = "<group>"; };
		DB626F4716D25F140014B5B7 /* PxTextView.m */ = {isa = PBXFileReference; fileEncoding = 4; lastKnownFileType = sourcecode.c.objc; path = PxTextView.m; sourceTree = "<group>"; };
		DB626F4D16D25FA50014B5B7 /* PxActionSheet.h */ = {isa = PBXFileReference; fileEncoding = 4; lastKnownFileType = sourcecode.c.h; path = PxActionSheet.h; sourceTree = "<group>"; };
		DB626F4E16D25FA50014B5B7 /* PxActionSheet.m */ = {isa = PBXFileReference; fileEncoding = 4; lastKnownFileType = sourcecode.c.objc; path = PxActionSheet.m; sourceTree = "<group>"; };
		DB626F4F16D25FA50014B5B7 /* PxAlertView.h */ = {isa = PBXFileReference; fileEncoding = 4; lastKnownFileType = sourcecode.c.h; path = PxAlertView.h; sourceTree = "<group>"; };
		DB626F5016D25FA50014B5B7 /* PxAlertView.m */ = {isa = PBXFileReference; fileEncoding = 4; lastKnownFileType = sourcecode.c.objc; path = PxAlertView.m; sourceTree = "<group>"; };
		DB626F5116D25FA50014B5B7 /* PxAttributedLabel.h */ = {isa = PBXFileReference; fileEncoding = 4; lastKnownFileType = sourcecode.c.h; path = PxAttributedLabel.h; sourceTree = "<group>"; };
		DB626F5216D25FA50014B5B7 /* PxAttributedLabel.m */ = {isa = PBXFileReference; fileEncoding = 4; lastKnownFileType = sourcecode.c.objc; path = PxAttributedLabel.m; sourceTree = "<group>"; };
		DB626F5316D25FA50014B5B7 /* PxButton.h */ = {isa = PBXFileReference; fileEncoding = 4; lastKnownFileType = sourcecode.c.h; path = PxButton.h; sourceTree = "<group>"; };
		DB626F5416D25FA50014B5B7 /* PxButton.m */ = {isa = PBXFileReference; fileEncoding = 4; lastKnownFileType = sourcecode.c.objc; path = PxButton.m; sourceTree = "<group>"; };
		DB626F5516D25FA50014B5B7 /* PxControl.h */ = {isa = PBXFileReference; fileEncoding = 4; lastKnownFileType = sourcecode.c.h; path = PxControl.h; sourceTree = "<group>"; };
		DB626F5616D25FA50014B5B7 /* PxControl.m */ = {isa = PBXFileReference; fileEncoding = 4; lastKnownFileType = sourcecode.c.objc; path = PxControl.m; sourceTree = "<group>"; };
		DB626F5716D25FA50014B5B7 /* PxLabel.h */ = {isa = PBXFileReference; fileEncoding = 4; lastKnownFileType = sourcecode.c.h; path = PxLabel.h; sourceTree = "<group>"; };
		DB626F5816D25FA50014B5B7 /* PxLabel.m */ = {isa = PBXFileReference; fileEncoding = 4; lastKnownFileType = sourcecode.c.objc; path = PxLabel.m; sourceTree = "<group>"; };
		DB626F5B16D25FA50014B5B7 /* PxRemoteImageView.h */ = {isa = PBXFileReference; fileEncoding = 4; lastKnownFileType = sourcecode.c.h; path = PxRemoteImageView.h; sourceTree = "<group>"; };
		DB626F5C16D25FA50014B5B7 /* PxRemoteImageView.m */ = {isa = PBXFileReference; fileEncoding = 4; lastKnownFileType = sourcecode.c.objc; path = PxRemoteImageView.m; sourceTree = "<group>"; };
		DB626F5D16D25FA50014B5B7 /* PxRotatingScreen.h */ = {isa = PBXFileReference; fileEncoding = 4; lastKnownFileType = sourcecode.c.h; path = PxRotatingScreen.h; sourceTree = "<group>"; };
		DB626F5E16D25FA50014B5B7 /* PxRotatingScreen.m */ = {isa = PBXFileReference; fileEncoding = 4; lastKnownFileType = sourcecode.c.objc; path = PxRotatingScreen.m; sourceTree = "<group>"; };
		DB626F5F16D25FA50014B5B7 /* PxSwitch.h */ = {isa = PBXFileReference; fileEncoding = 4; lastKnownFileType = sourcecode.c.h; path = PxSwitch.h; sourceTree = "<group>"; };
		DB626F6016D25FA50014B5B7 /* PxSwitch.m */ = {isa = PBXFileReference; fileEncoding = 4; lastKnownFileType = sourcecode.c.objc; path = PxSwitch.m; sourceTree = "<group>"; };
		DB626F7516D25FD60014B5B7 /* PxPickerContainer.h */ = {isa = PBXFileReference; fileEncoding = 4; lastKnownFileType = sourcecode.c.h; path = PxPickerContainer.h; sourceTree = "<group>"; };
		DB626F7616D25FD60014B5B7 /* PxPickerContainer.m */ = {isa = PBXFileReference; fileEncoding = 4; lastKnownFileType = sourcecode.c.objc; path = PxPickerContainer.m; sourceTree = "<group>"; };
		DB626F7716D25FD60014B5B7 /* PxDatePicker.h */ = {isa = PBXFileReference; fileEncoding = 4; lastKnownFileType = sourcecode.c.h; path = PxDatePicker.h; sourceTree = "<group>"; };
		DB626F7816D25FD60014B5B7 /* PxDatePicker.m */ = {isa = PBXFileReference; fileEncoding = 4; lastKnownFileType = sourcecode.c.objc; path = PxDatePicker.m; sourceTree = "<group>"; };
		DB626F7916D25FD60014B5B7 /* PxPicker.h */ = {isa = PBXFileReference; fileEncoding = 4; lastKnownFileType = sourcecode.c.h; path = PxPicker.h; sourceTree = "<group>"; };
		DB626F7A16D25FD60014B5B7 /* PxPicker.m */ = {isa = PBXFileReference; fileEncoding = 4; lastKnownFileType = sourcecode.c.objc; path = PxPicker.m; sourceTree = "<group>"; };
		DB626F8116D25FF00014B5B7 /* PxDataTableView.h */ = {isa = PBXFileReference; fileEncoding = 4; lastKnownFileType = sourcecode.c.h; path = PxDataTableView.h; sourceTree = "<group>"; };
		DB626F8216D25FF00014B5B7 /* PxDataTableView.m */ = {isa = PBXFileReference; fileEncoding = 4; lastKnownFileType = sourcecode.c.objc; path = PxDataTableView.m; sourceTree = "<group>"; };
		DB626F8316D25FF00014B5B7 /* PxTableView.h */ = {isa = PBXFileReference; fileEncoding = 4; lastKnownFileType = sourcecode.c.h; path = PxTableView.h; sourceTree = "<group>"; };
		DB626F8416D25FF00014B5B7 /* PxTableView.m */ = {isa = PBXFileReference; fileEncoding = 4; lastKnownFileType = sourcecode.c.objc; path = PxTableView.m; sourceTree = "<group>"; };
		DB626F8516D25FF00014B5B7 /* PxTableViewCell.h */ = {isa = PBXFileReference; fileEncoding = 4; lastKnownFileType = sourcecode.c.h; path = PxTableViewCell.h; sourceTree = "<group>"; };
		DB626F8616D25FF00014B5B7 /* PxTableViewCell.m */ = {isa = PBXFileReference; fileEncoding = 4; lastKnownFileType = sourcecode.c.objc; path = PxTableViewCell.m; sourceTree = "<group>"; };
		DB626F8F16D260350014B5B7 /* PxCaller.h */ = {isa = PBXFileReference; fileEncoding = 4; lastKnownFileType = sourcecode.c.h; path = PxCaller.h; sourceTree = "<group>"; };
		DB626F9016D260350014B5B7 /* PxCaller.m */ = {isa = PBXFileReference; fileEncoding = 4; lastKnownFileType = sourcecode.c.objc; path = PxCaller.m; sourceTree = "<group>"; };
		DB626F9116D260350014B5B7 /* PxResult.h */ = {isa = PBXFileReference; fileEncoding = 4; lastKnownFileType = sourcecode.c.h; path = PxResult.h; sourceTree = "<group>"; };
		DB626F9216D260350014B5B7 /* PxResult.m */ = {isa = PBXFileReference; fileEncoding = 4; lastKnownFileType = sourcecode.c.objc; path = PxResult.m; sourceTree = "<group>"; };
		DB626F9716D2605E0014B5B7 /* PxHTTPCache.h */ = {isa = PBXFileReference; fileEncoding = 4; lastKnownFileType = sourcecode.c.h; path = PxHTTPCache.h; sourceTree = "<group>"; };
		DB626F9816D2605E0014B5B7 /* PxHTTPCache.m */ = {isa = PBXFileReference; fileEncoding = 4; lastKnownFileType = sourcecode.c.objc; path = PxHTTPCache.m; sourceTree = "<group>"; };
		DB626F9916D2605E0014B5B7 /* PxHTTPConnection.h */ = {isa = PBXFileReference; fileEncoding = 4; lastKnownFileType = sourcecode.c.h; path = PxHTTPConnection.h; sourceTree = "<group>"; };
		DB626F9A16D2605E0014B5B7 /* PxHTTPConnection.m */ = {isa = PBXFileReference; fileEncoding = 4; lastKnownFileType = sourcecode.c.objc; path = PxHTTPConnection.m; sourceTree = "<group>"; };
		DB626F9B16D2605E0014B5B7 /* PxHTTPImageCache.h */ = {isa = PBXFileReference; fileEncoding = 4; lastKnownFileType = sourcecode.c.h; path = PxHTTPImageCache.h; sourceTree = "<group>"; };
		DB626F9C16D2605E0014B5B7 /* PxHTTPImageCache.m */ = {isa = PBXFileReference; fileEncoding = 4; lastKnownFileType = sourcecode.c.objc; path = PxHTTPImageCache.m; sourceTree = "<group>"; };
		DB626F9D16D2605E0014B5B7 /* PxHTTPRemoteService.h */ = {isa = PBXFileReference; fileEncoding = 4; lastKnownFileType = sourcecode.c.h; path = PxHTTPRemoteService.h; sourceTree = "<group>"; };
		DB626F9E16D2605E0014B5B7 /* PxHTTPRemoteService.m */ = {isa = PBXFileReference; fileEncoding = 4; lastKnownFileType = sourcecode.c.objc; path = PxHTTPRemoteService.m; sourceTree = "<group>"; };
		DB626FA716D260B10014B5B7 /* PxCellDeleteLayer.h */ = {isa = PBXFileReference; fileEncoding = 4; lastKnownFileType = sourcecode.c.h; path = PxCellDeleteLayer.h; sourceTree = "<group>"; };
		DB626FA816D260B10014B5B7 /* PxCellDeleteLayer.m */ = {isa = PBXFileReference; fileEncoding = 4; lastKnownFileType = sourcecode.c.objc; path = PxCellDeleteLayer.m; sourceTree = "<group>"; };
		DB626FAB16D260DE0014B5B7 /* PxEditableCellProtocol.h */ = {isa = PBXFileReference; fileEncoding = 4; lastKnownFileType = sourcecode.c.h; path = PxEditableCellProtocol.h; sourceTree = "<group>"; };
		DB792B2D17B8F2E700E195C4 /* UIApplication+PixLib.h */ = {isa = PBXFileReference; fileEncoding = 4; lastKnownFileType = sourcecode.c.h; path = "UIApplication+PixLib.h"; sourceTree = "<group>"; };
		DB792B2E17B8F2E700E195C4 /* UIApplication+PixLib.m */ = {isa = PBXFileReference; fileEncoding = 4; lastKnownFileType = sourcecode.c.objc; path = "UIApplication+PixLib.m"; sourceTree = "<group>"; };
		DBB1013F178179D600DF196D /* NSCalendar+PixLib.h */ = {isa = PBXFileReference; fileEncoding = 4; lastKnownFileType = sourcecode.c.h; path = "NSCalendar+PixLib.h"; sourceTree = "<group>"; };
		DBB10140178179D600DF196D /* NSCalendar+PixLib.m */ = {isa = PBXFileReference; fileEncoding = 4; lastKnownFileType = sourcecode.c.objc; path = "NSCalendar+PixLib.m"; sourceTree = "<group>"; };
		DBB101451781946200DF196D /* PxMutableIntegerDictionary.h */ = {isa = PBXFileReference; fileEncoding = 4; lastKnownFileType = sourcecode.c.h; path = PxMutableIntegerDictionary.h; sourceTree = "<group>"; };
		DBB101461781946200DF196D /* PxMutableIntegerDictionary.m */ = {isa = PBXFileReference; fileEncoding = 4; lastKnownFileType = sourcecode.c.objc; path = PxMutableIntegerDictionary.m; sourceTree = "<group>"; };
		DBBC9A3116D663EE00C92649 /* PxDrawService.h */ = {isa = PBXFileReference; fileEncoding = 4; lastKnownFileType = sourcecode.c.h; path = PxDrawService.h; sourceTree = "<group>"; };
		DBBC9A3216D663EE00C92649 /* PxDrawService.m */ = {isa = PBXFileReference; fileEncoding = 4; lastKnownFileType = sourcecode.c.objc; path = PxDrawService.m; sourceTree = "<group>"; };
		DBF81D5016D4C2FA003D0453 /* SenTestingKit.framework */ = {isa = PBXFileReference; lastKnownFileType = wrapper.framework; name = SenTestingKit.framework; path = Library/Frameworks/SenTestingKit.framework; sourceTree = DEVELOPER_DIR; };
		DBF81D5216D4C2FA003D0453 /* UIKit.framework */ = {isa = PBXFileReference; lastKnownFileType = wrapper.framework; name = UIKit.framework; path = Library/Frameworks/UIKit.framework; sourceTree = DEVELOPER_DIR; };
		DBF81DB016D4C52F003D0453 /* QuartzCore.framework */ = {isa = PBXFileReference; lastKnownFileType = wrapper.framework; name = QuartzCore.framework; path = System/Library/Frameworks/QuartzCore.framework; sourceTree = SDKROOT; };
		DBF81DB216D4C56F003D0453 /* CoreGraphics.framework */ = {isa = PBXFileReference; lastKnownFileType = wrapper.framework; name = CoreGraphics.framework; path = System/Library/Frameworks/CoreGraphics.framework; sourceTree = SDKROOT; };
		DBF81DB416D4C58D003D0453 /* CoreImage.framework */ = {isa = PBXFileReference; lastKnownFileType = wrapper.framework; name = CoreImage.framework; path = System/Library/Frameworks/CoreImage.framework; sourceTree = SDKROOT; };
		DBF81DB516D4C58F003D0453 /* CoreLocation.framework */ = {isa = PBXFileReference; lastKnownFileType = wrapper.framework; name = CoreLocation.framework; path = System/Library/Frameworks/CoreLocation.framework; sourceTree = SDKROOT; };
		DBF81DB616D4C590003D0453 /* CoreMedia.framework */ = {isa = PBXFileReference; lastKnownFileType = wrapper.framework; name = CoreMedia.framework; path = System/Library/Frameworks/CoreMedia.framework; sourceTree = SDKROOT; };
		DBF81DB716D4C592003D0453 /* CoreText.framework */ = {isa = PBXFileReference; lastKnownFileType = wrapper.framework; name = CoreText.framework; path = System/Library/Frameworks/CoreText.framework; sourceTree = SDKROOT; };
		DBF81DBC16D4C5BC003D0453 /* ImageIO.framework */ = {isa = PBXFileReference; lastKnownFileType = wrapper.framework; name = ImageIO.framework; path = System/Library/Frameworks/ImageIO.framework; sourceTree = SDKROOT; };
		DBF81E5A16D4D6E1003D0453 /* PxOpenLib.h */ = {isa = PBXFileReference; fileEncoding = 4; lastKnownFileType = sourcecode.c.h; path = PxOpenLib.h; sourceTree = "<group>"; };
/* End PBXFileReference section */

/* Begin PBXFrameworksBuildPhase section */
		DB626E2D16D224070014B5B7 /* Frameworks */ = {
			isa = PBXFrameworksBuildPhase;
			buildActionMask = 2147483647;
			files = (
				DB626E3416D224070014B5B7 /* Foundation.framework in Frameworks */,
			);
			runOnlyForDeploymentPostprocessing = 0;
		};
/* End PBXFrameworksBuildPhase section */

/* Begin PBXGroup section */
		DB626E2716D224070014B5B7 = {
			isa = PBXGroup;
			children = (
				DB626E3516D224070014B5B7 /* PixLib OpenSource */,
				DB626E3216D224070014B5B7 /* Frameworks */,
				DB626E3116D224070014B5B7 /* Products */,
			);
			sourceTree = "<group>";
		};
		DB626E3116D224070014B5B7 /* Products */ = {
			isa = PBXGroup;
			children = (
				DB626E3016D224070014B5B7 /* libPixLib-OpenSource.a */,
			);
			name = Products;
			sourceTree = "<group>";
		};
		DB626E3216D224070014B5B7 /* Frameworks */ = {
			isa = PBXGroup;
			children = (
				DBF81DBC16D4C5BC003D0453 /* ImageIO.framework */,
				DBF81DB416D4C58D003D0453 /* CoreImage.framework */,
				DBF81DB516D4C58F003D0453 /* CoreLocation.framework */,
				DBF81DB616D4C590003D0453 /* CoreMedia.framework */,
				DBF81DB716D4C592003D0453 /* CoreText.framework */,
				DBF81DB216D4C56F003D0453 /* CoreGraphics.framework */,
				DBF81DB016D4C52F003D0453 /* QuartzCore.framework */,
				DB626E3316D224070014B5B7 /* Foundation.framework */,
				DBF81D5016D4C2FA003D0453 /* SenTestingKit.framework */,
				DBF81D5216D4C2FA003D0453 /* UIKit.framework */,
			);
			name = Frameworks;
			sourceTree = "<group>";
		};
		DB626E3516D224070014B5B7 /* PixLib OpenSource */ = {
			isa = PBXGroup;
			children = (
				DBF81E5A16D4D6E1003D0453 /* PxOpenLib.h */,
				DB626F8D16D260060014B5B7 /* Communication */,
				DB626E5B16D22A8F0014B5B7 /* Core */,
				DB626EDF16D235040014B5B7 /* ImageKit */,
				DB626EED16D23B3F0014B5B7 /* LocalizationKit */,
				DB626EF216D23BFF0014B5B7 /* MarkupKit */,
				DB626EDD16D234440014B5B7 /* UIKit */,
				DB626E3616D224070014B5B7 /* Supporting Files */,
			);
			path = "PixLib OpenSource";
			sourceTree = "<group>";
		};
		DB626E3616D224070014B5B7 /* Supporting Files */ = {
			isa = PBXGroup;
			children = (
				DB626E3716D224070014B5B7 /* PixLib-OpenSource-Prefix.pch */,
			);
			name = "Supporting Files";
			sourceTree = "<group>";
		};
		DB626E5B16D22A8F0014B5B7 /* Core */ = {
			isa = PBXGroup;
			children = (
				DB626EE416D238180014B5B7 /* cLibs */,
				DB626ED516D22B010014B5B7 /* PxCore.h */,
				DB626E5C16D22A960014B5B7 /* Categories */,
				DB626ED616D22CC70014B5B7 /* PxLogger.h */,
				DB626ED716D22CC70014B5B7 /* PxLogger.m */,
				DBB101451781946200DF196D /* PxMutableIntegerDictionary.h */,
				DBB101461781946200DF196D /* PxMutableIntegerDictionary.m */,
				DB626EB916D22AE70014B5B7 /* PxPair.h */,
				DB626EBA16D22AE70014B5B7 /* PxPair.m */,
				DB626EBD16D22AE70014B5B7 /* PxRange.h */,
				DB626EBE16D22AE70014B5B7 /* PxRange.m */,
				DB626EBF16D22AE70014B5B7 /* PxRuntimeHelper.h */,
				DB626EC016D22AE70014B5B7 /* PxRuntimeHelper.m */,
				DB626EC116D22AE70014B5B7 /* PxSupport.h */,
				DB626EC516D22AE80014B5B7 /* PxWeakValue.h */,
				DB626EC616D22AE80014B5B7 /* PxWeakValue.m */,
			);
			name = Core;
			sourceTree = "<group>";
		};
		DB626E5C16D22A960014B5B7 /* Categories */ = {
			isa = PBXGroup;
			children = (
				DB626E5D16D22ABD0014B5B7 /* NSArray+PixLib.h */,
				DB626E5E16D22ABD0014B5B7 /* NSArray+PixLib.m */,
				DB626E5F16D22ABD0014B5B7 /* NSAttributedString+PixLib.h */,
				DB626E6016D22ABD0014B5B7 /* NSAttributedString+PixLib.m */,
				DBB1013F178179D600DF196D /* NSCalendar+PixLib.h */,
				DBB10140178179D600DF196D /* NSCalendar+PixLib.m */,
				DB626E6116D22ABD0014B5B7 /* NSData+PixLib.h */,
				DB626E6216D22ABD0014B5B7 /* NSData+PixLib.m */,
				DB626E6316D22ABD0014B5B7 /* NSDate+PixLib.h */,
				DB626E6416D22ABD0014B5B7 /* NSDate+PixLib.m */,
				DB626E6516D22ABD0014B5B7 /* NSDictionary+PixLib.h */,
				DB626E6616D22ABD0014B5B7 /* NSDictionary+PixLib.m */,
				DB626E6716D22ABD0014B5B7 /* NSFileManager+PixLib.h */,
				DB626E6816D22ABD0014B5B7 /* NSFileManager+PixLib.m */,
				DB626E6916D22ABD0014B5B7 /* NSMutableArray+PixLib.h */,
				DB626E6A16D22ABD0014B5B7 /* NSMutableArray+PixLib.m */,
				DB626E6B16D22ABD0014B5B7 /* NSMutableAttributedString+PixLib.h */,
				DB626E6C16D22ABD0014B5B7 /* NSMutableAttributedString+PixLib.m */,
				DB626E6D16D22ABD0014B5B7 /* NSMutableDictionary+PixLib.h */,
				DB626E6E16D22ABD0014B5B7 /* NSMutableDictionary+PixLib.m */,
				DB626E6F16D22ABD0014B5B7 /* NSMutableSet+PixLib.h */,
				DB626E7016D22ABD0014B5B7 /* NSMutableSet+PixLib.m */,
				DB626E7116D22ABD0014B5B7 /* NSMutableURLRequest+PixLib.h */,
				DB626E7216D22ABD0014B5B7 /* NSMutableURLRequest+PixLib.m */,
				DB626E7316D22ABD0014B5B7 /* NSNull+PixLib.h */,
				DB626E7416D22ABD0014B5B7 /* NSNull+PixLib.m */,
				DB626E7516D22ABD0014B5B7 /* NSNumber+PixLib.h */,
				DB626E7616D22ABD0014B5B7 /* NSNumber+PixLib.m */,
				DB626E7716D22ABD0014B5B7 /* NSObject+PixLib.h */,
				DB626E7816D22ABD0014B5B7 /* NSObject+PixLib.m */,
				DB626E7916D22ABD0014B5B7 /* NSSet+PixLib.h */,
				DB626E7A16D22ABD0014B5B7 /* NSSet+PixLib.m */,
				DB626E7B16D22ABD0014B5B7 /* NSString+PixLib.h */,
				DB626E7C16D22ABD0014B5B7 /* NSString+PixLib.m */,
				DB792B2D17B8F2E700E195C4 /* UIApplication+PixLib.h */,
				DB792B2E17B8F2E700E195C4 /* UIApplication+PixLib.m */,
				DB626E7D16D22ABD0014B5B7 /* UIColor+PixLib.h */,
				DB626E7E16D22ABD0014B5B7 /* UIColor+PixLib.m */,
				DB626E7F16D22ABD0014B5B7 /* UIDevice+PixLib.h */,
				DB626E8016D22ABD0014B5B7 /* UIDevice+PixLib.m */,
				DB626E8116D22ABD0014B5B7 /* UIImage+PixLib.h */,
				DB626E8216D22ABD0014B5B7 /* UIImage+PixLib.m */,
				DB626E8316D22ABD0014B5B7 /* UIImageView+PixLib.h */,
				DB626E8416D22ABD0014B5B7 /* UIImageView+PixLib.m */,
				DB626E8516D22ABD0014B5B7 /* UILabel+PixLib.h */,
				DB626E8616D22ABD0014B5B7 /* UILabel+PixLib.m */,
				DB626E8716D22ABD0014B5B7 /* UIScrollView+PixLib.h */,
				DB626E8816D22ABD0014B5B7 /* UIScrollView+PixLib.m */,
				DB626E8916D22ABD0014B5B7 /* UIView+PixLib.h */,
				DB626E8A16D22ABD0014B5B7 /* UIView+PixLib.m */,
			);
			name = Categories;
			sourceTree = "<group>";
		};
		DB626EDD16D234440014B5B7 /* UIKit */ = {
			isa = PBXGroup;
			children = (
				DB626F2616D25E480014B5B7 /* Controllers */,
				DB626F2716D25E520014B5B7 /* Models */,
				DBBC9A3016D663D500C92649 /* Services */,
				DB626F2816D25E5C0014B5B7 /* Views */,
				DB626F2516D25E430014B5B7 /* PxUIkit.h */,
				DB626EDE16D234540014B5B7 /* PxUIkitSupport.h */,
			);
			name = UIKit;
			sourceTree = "<group>";
		};
		DB626EDF16D235040014B5B7 /* ImageKit */ = {
			isa = PBXGroup;
			children = (
				DB626EE016D2351B0014B5B7 /* PxImageKit.h */,
				DB626EE116D235230014B5B7 /* PxImageKitHelper.h */,
				DB626EE216D235230014B5B7 /* PxImageKitHelper.m */,
			);
			name = ImageKit;
			sourceTree = "<group>";
		};
		DB626EE416D238180014B5B7 /* cLibs */ = {
			isa = PBXGroup;
			children = (
				DB626EE516D2382A0014B5B7 /* hnjalloc.c */,
				DB626EE616D2382A0014B5B7 /* hnjalloc.h */,
				DB626EE716D2382A0014B5B7 /* hyphen.c */,
				DB626EE816D2382A0014B5B7 /* hyphen.h */,
			);
			name = cLibs;
			sourceTree = "<group>";
		};
		DB626EED16D23B3F0014B5B7 /* LocalizationKit */ = {
			isa = PBXGroup;
			children = (
				DB626EF316D23C3E0014B5B7 /* PxLocalizationKit.h */,
				DB626EEE16D23B620014B5B7 /* PxLocalize.h */,
				DB626EEF16D23B620014B5B7 /* PxLocalize.m */,
			);
			name = LocalizationKit;
			sourceTree = "<group>";
		};
		DB626EF216D23BFF0014B5B7 /* MarkupKit */ = {
			isa = PBXGroup;
			children = (
				DB626EFA16D23CE50014B5B7 /* Builder */,
				DB626EF916D23CE10014B5B7 /* Parser */,
				DB626EF416D23C730014B5B7 /* PxMarkupKit.h */,
				DB626EF516D23C730014B5B7 /* PxXMLHelper.h */,
				DB626EF616D23C730014B5B7 /* PxXMLHelper.m */,
			);
			name = MarkupKit;
			sourceTree = "<group>";
		};
		DB626EF916D23CE10014B5B7 /* Parser */ = {
			isa = PBXGroup;
			children = (
				DB626F0A16D258EB0014B5B7 /* ContentTypes */,
				DB626F0B16D259000014B5B7 /* Services */,
				DB626F2416D2594D0014B5B7 /* PxParser.h */,
			);
			name = Parser;
			sourceTree = "<group>";
		};
		DB626EFA16D23CE50014B5B7 /* Builder */ = {
			isa = PBXGroup;
			children = (
				DB626EFC16D23D030014B5B7 /* ContentTypes */,
				DB626EFD16D23D090014B5B7 /* Services */,
				DB626EFB16D23CFE0014B5B7 /* PxBuilder.h */,
			);
			name = Builder;
			sourceTree = "<group>";
		};
		DB626EFC16D23D030014B5B7 /* ContentTypes */ = {
			isa = PBXGroup;
			children = (
				DB626EFE16D23D1C0014B5B7 /* PxCXMLBuilder.h */,
				DB626EFF16D23D1C0014B5B7 /* PxCXMLBuilder.m */,
			);
			name = ContentTypes;
			sourceTree = "<group>";
		};
		DB626EFD16D23D090014B5B7 /* Services */ = {
			isa = PBXGroup;
			children = (
				DB626F0416D23D260014B5B7 /* PxMarkupBuildService.h */,
				DB626F0516D23D260014B5B7 /* PxMarkupBuildService.m */,
			);
			name = Services;
			sourceTree = "<group>";
		};
		DB626F0A16D258EB0014B5B7 /* ContentTypes */ = {
			isa = PBXGroup;
			children = (
				DB626F0C16D259340014B5B7 /* PxCXMLParser.h */,
				DB626F0D16D259340014B5B7 /* PxCXMLParser.m */,
				DB626F0E16D259340014B5B7 /* PxHTMLParser.h */,
				DB626F0F16D259340014B5B7 /* PxHTMLParser.m */,
				DB626F1016D259340014B5B7 /* PxJSONParser.h */,
				DB626F1116D259340014B5B7 /* PxJSONParser.m */,
				DB626F1216D259340014B5B7 /* PxXMLParser.h */,
				DB626F1316D259340014B5B7 /* PxXMLParser.m */,
			);
			name = ContentTypes;
			sourceTree = "<group>";
		};
		DB626F0B16D259000014B5B7 /* Services */ = {
			isa = PBXGroup;
			children = (
				DB626F1C16D259420014B5B7 /* PxAsyncParseService.h */,
				DB626F1D16D259420014B5B7 /* PxAsyncParseService.m */,
				DB626F1E16D259420014B5B7 /* PxParseService.h */,
				DB626F1F16D259420014B5B7 /* PxParseService.m */,
			);
			name = Services;
			sourceTree = "<group>";
		};
		DB626F2616D25E480014B5B7 /* Controllers */ = {
			isa = PBXGroup;
			children = (
				DB626F2916D25E870014B5B7 /* PxSuperViewController.h */,
				DB626F2A16D25E870014B5B7 /* PxSuperViewController.m */,
				DB626F2B16D25E870014B5B7 /* PxTableViewController.h */,
				DB626F2C16D25E870014B5B7 /* PxTableViewController.m */,
				DB626F2D16D25E870014B5B7 /* PxViewController.h */,
				DB626F2E16D25E870014B5B7 /* PxViewController.m */,
				DB626F2F16D25E870014B5B7 /* PxWebController.h */,
				DB626F3016D25E870014B5B7 /* PxWebController.m */,
			);
			name = Controllers;
			sourceTree = "<group>";
		};
		DB626F2716D25E520014B5B7 /* Models */ = {
			isa = PBXGroup;
			children = (
				DB626F3916D25EA80014B5B7 /* PxActionButtonConfig.h */,
				DB626F3A16D25EA80014B5B7 /* PxActionButtonConfig.m */,
				DB626F3B16D25EA80014B5B7 /* PxInputAnimation.h */,
				DB626F3C16D25EA80014B5B7 /* PxInputAnimation.m */,
			);
			name = Models;
			sourceTree = "<group>";
		};
		DB626F2816D25E5C0014B5B7 /* Views */ = {
			isa = PBXGroup;
			children = (
				DB626F4C16D25F590014B5B7 /* Basics */,
				DB626F4316D25F030014B5B7 /* InputViews */,
				DB626F4216D25EC20014B5B7 /* Picker */,
				DB626F4116D25EB90014B5B7 /* Table */,
			);
			name = Views;
			sourceTree = "<group>";
		};
		DB626F4116D25EB90014B5B7 /* Table */ = {
			isa = PBXGroup;
			children = (
				DB626FA716D260B10014B5B7 /* PxCellDeleteLayer.h */,
				DB626FA816D260B10014B5B7 /* PxCellDeleteLayer.m */,
				DB626F8116D25FF00014B5B7 /* PxDataTableView.h */,
				DB626F8216D25FF00014B5B7 /* PxDataTableView.m */,
				DB626FAB16D260DE0014B5B7 /* PxEditableCellProtocol.h */,
				DB626F8316D25FF00014B5B7 /* PxTableView.h */,
				DB626F8416D25FF00014B5B7 /* PxTableView.m */,
				DB626F8516D25FF00014B5B7 /* PxTableViewCell.h */,
				DB626F8616D25FF00014B5B7 /* PxTableViewCell.m */,
			);
			name = Table;
			sourceTree = "<group>";
		};
		DB626F4216D25EC20014B5B7 /* Picker */ = {
			isa = PBXGroup;
			children = (
				DB626F7516D25FD60014B5B7 /* PxPickerContainer.h */,
				DB626F7616D25FD60014B5B7 /* PxPickerContainer.m */,
				DB626F7716D25FD60014B5B7 /* PxDatePicker.h */,
				DB626F7816D25FD60014B5B7 /* PxDatePicker.m */,
				DB626F7916D25FD60014B5B7 /* PxPicker.h */,
				DB626F7A16D25FD60014B5B7 /* PxPicker.m */,
			);
			name = Picker;
			sourceTree = "<group>";
		};
		DB626F4316D25F030014B5B7 /* InputViews */ = {
			isa = PBXGroup;
			children = (
				DB626F4416D25F140014B5B7 /* PxTextField.h */,
				DB626F4516D25F140014B5B7 /* PxTextField.m */,
				DB626F4616D25F140014B5B7 /* PxTextView.h */,
				DB626F4716D25F140014B5B7 /* PxTextView.m */,
			);
			name = InputViews;
			sourceTree = "<group>";
		};
		DB626F4C16D25F590014B5B7 /* Basics */ = {
			isa = PBXGroup;
			children = (
				DB626F4D16D25FA50014B5B7 /* PxActionSheet.h */,
				DB626F4E16D25FA50014B5B7 /* PxActionSheet.m */,
				DB626F4F16D25FA50014B5B7 /* PxAlertView.h */,
				DB626F5016D25FA50014B5B7 /* PxAlertView.m */,
				DB626F5116D25FA50014B5B7 /* PxAttributedLabel.h */,
				DB626F5216D25FA50014B5B7 /* PxAttributedLabel.m */,
				DB626F5316D25FA50014B5B7 /* PxButton.h */,
				DB626F5416D25FA50014B5B7 /* PxButton.m */,
				DB626F5516D25FA50014B5B7 /* PxControl.h */,
				DB626F5616D25FA50014B5B7 /* PxControl.m */,
				DB626F5716D25FA50014B5B7 /* PxLabel.h */,
				DB626F5816D25FA50014B5B7 /* PxLabel.m */,
				DB626F5B16D25FA50014B5B7 /* PxRemoteImageView.h */,
				DB626F5C16D25FA50014B5B7 /* PxRemoteImageView.m */,
				DB626F5D16D25FA50014B5B7 /* PxRotatingScreen.h */,
				DB626F5E16D25FA50014B5B7 /* PxRotatingScreen.m */,
				DB626F5F16D25FA50014B5B7 /* PxSwitch.h */,
				DB626F6016D25FA50014B5B7 /* PxSwitch.m */,
			);
			name = Basics;
			sourceTree = "<group>";
		};
		DB626F8D16D260060014B5B7 /* Communication */ = {
			isa = PBXGroup;
			children = (
				DB626F8E16D260210014B5B7 /* HTTP */,
				DB626F8F16D260350014B5B7 /* PxCaller.h */,
				DB626F9016D260350014B5B7 /* PxCaller.m */,
				DB626F9116D260350014B5B7 /* PxResult.h */,
				DB626F9216D260350014B5B7 /* PxResult.m */,
			);
			name = Communication;
			sourceTree = "<group>";
		};
		DB626F8E16D260210014B5B7 /* HTTP */ = {
			isa = PBXGroup;
			children = (
				DB626F9716D2605E0014B5B7 /* PxHTTPCache.h */,
				DB626F9816D2605E0014B5B7 /* PxHTTPCache.m */,
				DB626F9916D2605E0014B5B7 /* PxHTTPConnection.h */,
				DB626F9A16D2605E0014B5B7 /* PxHTTPConnection.m */,
				DB626F9B16D2605E0014B5B7 /* PxHTTPImageCache.h */,
				DB626F9C16D2605E0014B5B7 /* PxHTTPImageCache.m */,
				DB626F9D16D2605E0014B5B7 /* PxHTTPRemoteService.h */,
				DB626F9E16D2605E0014B5B7 /* PxHTTPRemoteService.m */,
			);
			name = HTTP;
			sourceTree = "<group>";
		};
		DBBC9A3016D663D500C92649 /* Services */ = {
			isa = PBXGroup;
			children = (
				DBBC9A3116D663EE00C92649 /* PxDrawService.h */,
				DBBC9A3216D663EE00C92649 /* PxDrawService.m */,
			);
			name = Services;
			sourceTree = "<group>";
		};
/* End PBXGroup section */

/* Begin PBXNativeTarget section */
		DB626E2F16D224070014B5B7 /* PixLib-OpenSource */ = {
			isa = PBXNativeTarget;
			buildConfigurationList = DB626E5516D224070014B5B7 /* Build configuration list for PBXNativeTarget "PixLib-OpenSource" */;
			buildPhases = (
				DB626E2C16D224070014B5B7 /* Sources */,
				DB626E2D16D224070014B5B7 /* Frameworks */,
				DB626E2E16D224070014B5B7 /* CopyFiles */,
			);
			buildRules = (
			);
			dependencies = (
			);
			name = "PixLib-OpenSource";
			productName = "PixLib OpenSource";
			productReference = DB626E3016D224070014B5B7 /* libPixLib-OpenSource.a */;
			productType = "com.apple.product-type.library.static";
		};
/* End PBXNativeTarget section */

/* Begin PBXProject section */
		DB626E2816D224070014B5B7 /* Project object */ = {
			isa = PBXProject;
			attributes = {
				LastUpgradeCheck = 0460;
				ORGANIZATIONNAME = "pixelflut GmbH";
			};
			buildConfigurationList = DB626E2B16D224070014B5B7 /* Build configuration list for PBXProject "PixLib-OpenSource" */;
			compatibilityVersion = "Xcode 3.2";
			developmentRegion = English;
			hasScannedForEncodings = 0;
			knownRegions = (
				en,
			);
			mainGroup = DB626E2716D224070014B5B7;
			productRefGroup = DB626E3116D224070014B5B7 /* Products */;
			projectDirPath = "";
			projectRoot = "";
			targets = (
				DB626E2F16D224070014B5B7 /* PixLib-OpenSource */,
			);
		};
/* End PBXProject section */

/* Begin PBXSourcesBuildPhase section */
		DB626E2C16D224070014B5B7 /* Sources */ = {
			isa = PBXSourcesBuildPhase;
			buildActionMask = 2147483647;
			files = (
				DB626E8B16D22ABD0014B5B7 /* NSArray+PixLib.m in Sources */,
				DB626E8D16D22ABD0014B5B7 /* NSAttributedString+PixLib.m in Sources */,
				DB626E8F16D22ABD0014B5B7 /* NSData+PixLib.m in Sources */,
				DB626E9116D22ABD0014B5B7 /* NSDate+PixLib.m in Sources */,
				DB626E9316D22ABD0014B5B7 /* NSDictionary+PixLib.m in Sources */,
				DB626E9516D22ABD0014B5B7 /* NSFileManager+PixLib.m in Sources */,
				DB626E9716D22ABD0014B5B7 /* NSMutableArray+PixLib.m in Sources */,
				DB626E9916D22ABD0014B5B7 /* NSMutableAttributedString+PixLib.m in Sources */,
				DB626E9B16D22ABD0014B5B7 /* NSMutableDictionary+PixLib.m in Sources */,
				DB626E9D16D22ABD0014B5B7 /* NSMutableSet+PixLib.m in Sources */,
				DB626E9F16D22ABD0014B5B7 /* NSMutableURLRequest+PixLib.m in Sources */,
				DB626EA116D22ABD0014B5B7 /* NSNull+PixLib.m in Sources */,
				DB626EA316D22ABD0014B5B7 /* NSNumber+PixLib.m in Sources */,
				DB626EA516D22ABD0014B5B7 /* NSObject+PixLib.m in Sources */,
				DB626EA716D22ABD0014B5B7 /* NSSet+PixLib.m in Sources */,
				DB626EA916D22ABD0014B5B7 /* NSString+PixLib.m in Sources */,
				DB626EAB16D22ABD0014B5B7 /* UIColor+PixLib.m in Sources */,
				DB626EAD16D22ABD0014B5B7 /* UIDevice+PixLib.m in Sources */,
				DB626EAF16D22ABD0014B5B7 /* UIImage+PixLib.m in Sources */,
				DB626EB116D22ABD0014B5B7 /* UIImageView+PixLib.m in Sources */,
				DB626EB316D22ABD0014B5B7 /* UILabel+PixLib.m in Sources */,
				DB626EB516D22ABD0014B5B7 /* UIScrollView+PixLib.m in Sources */,
				DB626EB716D22ABD0014B5B7 /* UIView+PixLib.m in Sources */,
				DB626EC716D22AE80014B5B7 /* PxPair.m in Sources */,
				DB626ECB16D22AE80014B5B7 /* PxRange.m in Sources */,
				DB626ECD16D22AE80014B5B7 /* PxRuntimeHelper.m in Sources */,
				DB626ED316D22AE80014B5B7 /* PxWeakValue.m in Sources */,
				DB626ED816D22CC70014B5B7 /* PxLogger.m in Sources */,
				DB626EE916D2382A0014B5B7 /* hnjalloc.c in Sources */,
				DB626EEB16D2382A0014B5B7 /* hyphen.c in Sources */,
				DB626EF016D23B620014B5B7 /* PxLocalize.m in Sources */,
				DB626EF716D23C730014B5B7 /* PxXMLHelper.m in Sources */,
				DB626F0016D23D1C0014B5B7 /* PxCXMLBuilder.m in Sources */,
				DB626F0816D23D260014B5B7 /* PxMarkupBuildService.m in Sources */,
				DB626F1416D259340014B5B7 /* PxCXMLParser.m in Sources */,
				DB626F1616D259340014B5B7 /* PxHTMLParser.m in Sources */,
				DB626F1816D259340014B5B7 /* PxJSONParser.m in Sources */,
				DB626F1A16D259340014B5B7 /* PxXMLParser.m in Sources */,
				DB626F2016D259420014B5B7 /* PxAsyncParseService.m in Sources */,
				DB626F2216D259420014B5B7 /* PxParseService.m in Sources */,
				DB626F3116D25E870014B5B7 /* PxSuperViewController.m in Sources */,
				DB626F3316D25E870014B5B7 /* PxTableViewController.m in Sources */,
				DB626F3516D25E870014B5B7 /* PxViewController.m in Sources */,
				DB626F3716D25E870014B5B7 /* PxWebController.m in Sources */,
				DB626F3D16D25EA80014B5B7 /* PxActionButtonConfig.m in Sources */,
				DB626F3F16D25EA80014B5B7 /* PxInputAnimation.m in Sources */,
				DB626F4816D25F140014B5B7 /* PxTextField.m in Sources */,
				DB626F4A16D25F140014B5B7 /* PxTextView.m in Sources */,
				DB626F6116D25FA50014B5B7 /* PxActionSheet.m in Sources */,
				DB626F6316D25FA50014B5B7 /* PxAlertView.m in Sources */,
				DB626F6516D25FA50014B5B7 /* PxAttributedLabel.m in Sources */,
				DB626F6716D25FA50014B5B7 /* PxButton.m in Sources */,
				DB626F6916D25FA50014B5B7 /* PxControl.m in Sources */,
				DB626F6B16D25FA50014B5B7 /* PxLabel.m in Sources */,
				DB626F6F16D25FA50014B5B7 /* PxRemoteImageView.m in Sources */,
				DB626F7116D25FA50014B5B7 /* PxRotatingScreen.m in Sources */,
				DB626F7316D25FA50014B5B7 /* PxSwitch.m in Sources */,
				DB626F7B16D25FD60014B5B7 /* PxPickerContainer.m in Sources */,
				DB626F7D16D25FD60014B5B7 /* PxDatePicker.m in Sources */,
				DB626F7F16D25FD60014B5B7 /* PxPicker.m in Sources */,
				DB626F8716D25FF00014B5B7 /* PxDataTableView.m in Sources */,
				DB626F8916D25FF00014B5B7 /* PxTableView.m in Sources */,
				DB626F8B16D25FF00014B5B7 /* PxTableViewCell.m in Sources */,
				DB626F9316D260350014B5B7 /* PxCaller.m in Sources */,
				DB626F9516D260350014B5B7 /* PxResult.m in Sources */,
				DB626F9F16D2605E0014B5B7 /* PxHTTPCache.m in Sources */,
				DB626FA116D2605E0014B5B7 /* PxHTTPConnection.m in Sources */,
				DB626FA316D2605E0014B5B7 /* PxHTTPImageCache.m in Sources */,
				DB626FA516D2605E0014B5B7 /* PxHTTPRemoteService.m in Sources */,
				DB626FA916D260B20014B5B7 /* PxCellDeleteLayer.m in Sources */,
				DBF81D8C16D4C479003D0453 /* PxImageKitHelper.m in Sources */,
				DBBC9A3316D663EE00C92649 /* PxDrawService.m in Sources */,
				DBB10141178179D600DF196D /* NSCalendar+PixLib.m in Sources */,
				DBB101471781946200DF196D /* PxMutableIntegerDictionary.m in Sources */,
				DB792B2F17B8F2E700E195C4 /* UIApplication+PixLib.m in Sources */,
			);
			runOnlyForDeploymentPostprocessing = 0;
		};
/* End PBXSourcesBuildPhase section */

/* Begin XCBuildConfiguration section */
		C545FADF17E9C9CF003A467C /* ContentDe */ = {
			isa = XCBuildConfiguration;
			buildSettings = {
				ALWAYS_SEARCH_USER_PATHS = NO;
				CLANG_CXX_LANGUAGE_STANDARD = "gnu++0x";
				CLANG_CXX_LIBRARY = "libc++";
				CLANG_ENABLE_OBJC_ARC = YES;
				CLANG_WARN_CONSTANT_CONVERSION = YES;
				CLANG_WARN_EMPTY_BODY = YES;
				CLANG_WARN_ENUM_CONVERSION = YES;
				CLANG_WARN_INT_CONVERSION = YES;
				CLANG_WARN__DUPLICATE_METHOD_MATCH = YES;
				COPY_PHASE_STRIP = NO;
				GCC_C_LANGUAGE_STANDARD = gnu99;
				GCC_DYNAMIC_NO_PIC = NO;
				GCC_OPTIMIZATION_LEVEL = 0;
				GCC_PREPROCESSOR_DEFINITIONS = (
					"DEBUG=1",
					"$(inherited)",
				);
				GCC_SYMBOLS_PRIVATE_EXTERN = NO;
				GCC_WARN_ABOUT_RETURN_TYPE = YES;
				GCC_WARN_UNINITIALIZED_AUTOS = YES;
				GCC_WARN_UNUSED_VARIABLE = YES;
				IPHONEOS_DEPLOYMENT_TARGET = 6.1;
				ONLY_ACTIVE_ARCH = YES;
				SDKROOT = iphoneos;
			};
			name = ContentDe;
		};
		C545FAE017E9C9CF003A467C /* ContentDe */ = {
			isa = XCBuildConfiguration;
			buildSettings = {
				CLANG_CXX_LANGUAGE_STANDARD = "c++0x";
				CLANG_CXX_LIBRARY = "libc++";
				DSTROOT = /tmp/PixLib_OpenSource.dst;
				GCC_PRECOMPILE_PREFIX_HEADER = YES;
				GCC_PREFIX_HEADER = "PixLib OpenSource/PixLib-OpenSource-Prefix.pch";
				IPHONEOS_DEPLOYMENT_TARGET = 6.1;
				ONLY_ACTIVE_ARCH = NO;
				OTHER_LDFLAGS = (
					"-ObjC",
					"-all_load",
				);
				PRODUCT_NAME = "PixLib-OpenSource";
				SKIP_INSTALL = YES;
			};
			name = ContentDe;
		};
		C545FAE117E9C9D8003A467C /* ContentEn */ = {
			isa = XCBuildConfiguration;
			buildSettings = {
				ALWAYS_SEARCH_USER_PATHS = NO;
				CLANG_CXX_LANGUAGE_STANDARD = "gnu++0x";
				CLANG_CXX_LIBRARY = "libc++";
				CLANG_ENABLE_OBJC_ARC = YES;
				CLANG_WARN_CONSTANT_CONVERSION = YES;
				CLANG_WARN_EMPTY_BODY = YES;
				CLANG_WARN_ENUM_CONVERSION = YES;
				CLANG_WARN_INT_CONVERSION = YES;
				CLANG_WARN__DUPLICATE_METHOD_MATCH = YES;
				COPY_PHASE_STRIP = NO;
				GCC_C_LANGUAGE_STANDARD = gnu99;
				GCC_DYNAMIC_NO_PIC = NO;
				GCC_OPTIMIZATION_LEVEL = 0;
				GCC_PREPROCESSOR_DEFINITIONS = (
					"DEBUG=1",
					"$(inherited)",
				);
				GCC_SYMBOLS_PRIVATE_EXTERN = NO;
				GCC_WARN_ABOUT_RETURN_TYPE = YES;
				GCC_WARN_UNINITIALIZED_AUTOS = YES;
				GCC_WARN_UNUSED_VARIABLE = YES;
				IPHONEOS_DEPLOYMENT_TARGET = 6.1;
				ONLY_ACTIVE_ARCH = YES;
				SDKROOT = iphoneos;
			};
			name = ContentEn;
		};
		C545FAE217E9C9D8003A467C /* ContentEn */ = {
			isa = XCBuildConfiguration;
			buildSettings = {
				CLANG_CXX_LANGUAGE_STANDARD = "c++0x";
				CLANG_CXX_LIBRARY = "libc++";
				DSTROOT = /tmp/PixLib_OpenSource.dst;
				GCC_PRECOMPILE_PREFIX_HEADER = YES;
				GCC_PREFIX_HEADER = "PixLib OpenSource/PixLib-OpenSource-Prefix.pch";
				IPHONEOS_DEPLOYMENT_TARGET = 6.1;
				ONLY_ACTIVE_ARCH = NO;
				OTHER_LDFLAGS = (
					"-ObjC",
					"-all_load",
				);
				PRODUCT_NAME = "PixLib-OpenSource";
				SKIP_INSTALL = YES;
			};
			name = ContentEn;
		};
		DB626E5316D224070014B5B7 /* Debug */ = {
			isa = XCBuildConfiguration;
			buildSettings = {
				ALWAYS_SEARCH_USER_PATHS = NO;
				CLANG_CXX_LANGUAGE_STANDARD = "gnu++0x";
				CLANG_CXX_LIBRARY = "libc++";
				CLANG_ENABLE_OBJC_ARC = YES;
				CLANG_WARN_CONSTANT_CONVERSION = YES;
				CLANG_WARN_EMPTY_BODY = YES;
				CLANG_WARN_ENUM_CONVERSION = YES;
				CLANG_WARN_INT_CONVERSION = YES;
				CLANG_WARN__DUPLICATE_METHOD_MATCH = YES;
				COPY_PHASE_STRIP = NO;
				GCC_C_LANGUAGE_STANDARD = gnu99;
				GCC_DYNAMIC_NO_PIC = NO;
				GCC_OPTIMIZATION_LEVEL = 0;
				GCC_PREPROCESSOR_DEFINITIONS = (
					"DEBUG=1",
					"$(inherited)",
				);
				GCC_SYMBOLS_PRIVATE_EXTERN = NO;
				GCC_WARN_ABOUT_RETURN_TYPE = YES;
				GCC_WARN_UNINITIALIZED_AUTOS = YES;
				GCC_WARN_UNUSED_VARIABLE = YES;
				IPHONEOS_DEPLOYMENT_TARGET = 6.1;
				ONLY_ACTIVE_ARCH = YES;
				SDKROOT = iphoneos;
			};
			name = Debug;
		};
		DB626E5416D224070014B5B7 /* Release */ = {
			isa = XCBuildConfiguration;
			buildSettings = {
				ALWAYS_SEARCH_USER_PATHS = NO;
				CLANG_CXX_LANGUAGE_STANDARD = "gnu++0x";
				CLANG_CXX_LIBRARY = "libc++";
				CLANG_ENABLE_OBJC_ARC = YES;
				CLANG_WARN_CONSTANT_CONVERSION = YES;
				CLANG_WARN_EMPTY_BODY = YES;
				CLANG_WARN_ENUM_CONVERSION = YES;
				CLANG_WARN_INT_CONVERSION = YES;
				CLANG_WARN__DUPLICATE_METHOD_MATCH = YES;
				COPY_PHASE_STRIP = YES;
				GCC_C_LANGUAGE_STANDARD = gnu99;
				GCC_WARN_ABOUT_RETURN_TYPE = YES;
				GCC_WARN_UNINITIALIZED_AUTOS = YES;
				GCC_WARN_UNUSED_VARIABLE = YES;
				IPHONEOS_DEPLOYMENT_TARGET = 6.1;
				SDKROOT = iphoneos;
				VALIDATE_PRODUCT = YES;
			};
			name = Release;
		};
		DB626E5616D224070014B5B7 /* Debug */ = {
			isa = XCBuildConfiguration;
			buildSettings = {
				CLANG_CXX_LANGUAGE_STANDARD = "c++0x";
				CLANG_CXX_LIBRARY = "libc++";
				DSTROOT = /tmp/PixLib_OpenSource.dst;
				GCC_PRECOMPILE_PREFIX_HEADER = YES;
				GCC_PREFIX_HEADER = "PixLib OpenSource/PixLib-OpenSource-Prefix.pch";
				IPHONEOS_DEPLOYMENT_TARGET = 6.1;
				ONLY_ACTIVE_ARCH = NO;
				OTHER_LDFLAGS = (
					"-ObjC",
					"-all_load",
				);
				PRODUCT_NAME = "PixLib-OpenSource";
				SKIP_INSTALL = YES;
			};
			name = Debug;
		};
		DB626E5716D224070014B5B7 /* Release */ = {
			isa = XCBuildConfiguration;
			buildSettings = {
				CLANG_CXX_LANGUAGE_STANDARD = "c++0x";
				CLANG_CXX_LIBRARY = "libc++";
				DSTROOT = /tmp/PixLib_OpenSource.dst;
				GCC_PRECOMPILE_PREFIX_HEADER = YES;
				GCC_PREFIX_HEADER = "PixLib OpenSource/PixLib-OpenSource-Prefix.pch";
				IPHONEOS_DEPLOYMENT_TARGET = 6.1;
				OTHER_LDFLAGS = (
					"-ObjC",
					"-all_load",
				);
				PRODUCT_NAME = "PixLib-OpenSource";
				SKIP_INSTALL = YES;
			};
			name = Release;
		};
/* End XCBuildConfiguration section */

/* Begin XCConfigurationList section */
		DB626E2B16D224070014B5B7 /* Build configuration list for PBXProject "PixLib-OpenSource" */ = {
			isa = XCConfigurationList;
			buildConfigurations = (
				DB626E5316D224070014B5B7 /* Debug */,
				C545FAE117E9C9D8003A467C /* ContentEn */,
				C545FADF17E9C9CF003A467C /* ContentDe */,
				DB626E5416D224070014B5B7 /* Release */,
			);
			defaultConfigurationIsVisible = 0;
			defaultConfigurationName = Release;
		};
		DB626E5516D224070014B5B7 /* Build configuration list for PBXNativeTarget "PixLib-OpenSource" */ = {
			isa = XCConfigurationList;
			buildConfigurations = (
				DB626E5616D224070014B5B7 /* Debug */,
				C545FAE217E9C9D8003A467C /* ContentEn */,
				C545FAE017E9C9CF003A467C /* ContentDe */,
				DB626E5716D224070014B5B7 /* Release */,
			);
			defaultConfigurationIsVisible = 0;
			defaultConfigurationName = Release;
		};
/* End XCConfigurationList section */
	};
	rootObject = DB626E2816D224070014B5B7 /* Project object */;
}
